# External physics tools this repo interoperates with, pinned in one place.
#
# Purpose: give the three-repo ecosystem (dihiggs, dihiggs_boundary,
# dihiggs_hep_cross) a single, diffable manifest of which upstream tool
# versions each repo builds against, so version drift is detectable instead of
# hidden in directory names and build scripts. The declared versions must AGREE
# across the three manifests -- that agreement is the cross-repo "version pin".
# tests/test_external_tools.py enforces the versions and the conventions md5.
#
# This repo is the LLP-recast layer: it vendors NEITHER 2HDMC nor HiggsTools.
# It still declares the expected versions so a model point handed to it from
# dihiggs / dihiggs_boundary is known to have been produced with the same
# tool versions (vendored_path is null here).
schema_version: external_tools_v1

# Shared physics conventions file, byte-identical across all three repos.
# The md5 is the cross-repo drift pin for conventions/physics_conventions.yaml.
conventions:
  file: conventions/physics_conventions.yaml
  schema_version: physics_conventions_v1
  md5: a2fea4c862d3b678334fd07a396f26ba

tools:
  2HDMC:
    version: "1.8"
    upstream_url: https://2hdmc.hepforge.org/
    distribution: tarball
    vendored_path: null            # not vendored in this repo
    local_patches: []

  HiggsTools:
    version: v1.2
    upstream_url: https://gitlab.com/higgsbounds/higgstools
    upstream_ref: v1.2
    distribution: git
    vendored_path: null            # not vendored in this repo
    local_patches: []

  HiggsBounds_dataset:
    version: v1.7
    upstream_url: https://gitlab.com/higgsbounds/hbdataset
    upstream_ref: v1.7
    distribution: git
    vendored_path: null
    local_patches: []

  HiggsSignals_dataset:
    version: v1.1
    upstream_url: https://gitlab.com/higgsbounds/hsdataset
    upstream_ref: v1.1
    distribution: git
    vendored_path: null
    local_patches: []
